
Microsoft Visual Studio Solution File, Format Version 12.00
# Visual Studio Version 17
VisualStudioVersion = 17.8.34112.27
MinimumVisualStudioVersion = 10.0.40219.1
Project("{F2A71F9B-5D33-465A-A702-920D77279786}") = "IdeFreeze", "IdeFreeze.fsproj", "{1A8CAE5F-EA46-4600-BA3D-91048D029D8E}"
EndProject
Global
	GlobalSection(SolutionConfigurationPlatforms) = preSolution
		Debug|Any CPU = Debug|Any CPU
		Release|Any CPU = Release|Any CPU
	EndGlobalSection
	GlobalSection(ProjectConfigurationPlatforms) = postSolution
		{1A8CAE5F-EA46-4600-BA3D-91048D029D8E}.Debug|Any CPU.ActiveCfg = Debug|Any CPU
		{1A8CAE5F-EA46-4600-BA3D-91048D029D8E}.Debug|Any CPU.Build.0 = Debug|Any CPU
		{1A8CAE5F-EA46-4600-BA3D-91048D029D8E}.Release|Any CPU.ActiveCfg = Release|Any CPU
		{1A8CAE5F-EA46-4600-BA3D-91048D029D8E}.Release|Any CPU.Build.0 = Release|Any CPU
	EndGlobalSection
	GlobalSection(SolutionProperties) = preSolution
		HideSolutionNode = FALSE
	EndGlobalSection
	GlobalSection(ExtensibilityGlobals) = postSolution
		SolutionGuid = {77120E39-2BA0-4DC7-8122-4B4909E03FFB}
	EndGlobalSection
EndGlobal
